
Microsoft Visual Studio Solution File, Format Version 12.00
# Visual Studio Version 17
VisualStudioVersion = 17.10.35013.160
MinimumVisualStudioVersion = 10.0.40219.1
Project("{9A19103F-16F7-4668-BE54-9A1E7A4F7556}") = "DentalClinic.Core", "DentalClinic.core\DentalClinic.Core.csproj", "{6CDA563C-8622-4B53-8108-01D1EA9AC2AA}"
EndProject
Project("{9A19103F-16F7-4668-BE54-9A1E7A4F7556}") = "DentalClinic.Service", "DentalClinic.service\DentalClinic.Service.csproj", "{2C6FDCE9-4220-45CD-A44C-1EA5A396DC6C}"
EndProject
Project("{9A19103F-16F7-4668-BE54-9A1E7A4F7556}") = "DentalClinic.Data", "DentalClinic.data\DentalClinic.Data.csproj", "{B433478F-E69F-44AA-8AFE-DADBF48E7A92}"
EndProject
Project("{FAE04EC0-301F-11D3-BF4B-00C04F79EFBC}") = "DentalClinic", "DentalClinics\DentalClinic.csproj", "{F18E2209-C4C1-4D0A-807D-11F239132DCF}"
EndProject
Project("{9A19103F-16F7-4668-BE54-9A1E7A4F7556}") = "DentalClinic (1)", "DentalClinics\DentalClinic (1).csproj", "{EC774A77-A68C-455F-884D-85EA64A2E6A6}"
EndProject
Global
	GlobalSection(SolutionConfigurationPlatforms) = preSolution
		Debug|Any CPU = Debug|Any CPU
		Release|Any CPU = Release|Any CPU
	EndGlobalSection
	GlobalSection(ProjectConfigurationPlatforms) = postSolution
		{6CDA563C-8622-4B53-8108-01D1EA9AC2AA}.Debug|Any CPU.ActiveCfg = Debug|Any CPU
		{6CDA563C-8622-4B53-8108-01D1EA9AC2AA}.Debug|Any CPU.Build.0 = Debug|Any CPU
		{6CDA563C-8622-4B53-8108-01D1EA9AC2AA}.Release|Any CPU.ActiveCfg = Release|Any CPU
		{6CDA563C-8622-4B53-8108-01D1EA9AC2AA}.Release|Any CPU.Build.0 = Release|Any CPU
		{2C6FDCE9-4220-45CD-A44C-1EA5A396DC6C}.Debug|Any CPU.ActiveCfg = Debug|Any CPU
		{2C6FDCE9-4220-45CD-A44C-1EA5A396DC6C}.Debug|Any CPU.Build.0 = Debug|Any CPU
		{2C6FDCE9-4220-45CD-A44C-1EA5A396DC6C}.Release|Any CPU.ActiveCfg = Release|Any CPU
		{2C6FDCE9-4220-45CD-A44C-1EA5A396DC6C}.Release|Any CPU.Build.0 = Release|Any CPU
		{B433478F-E69F-44AA-8AFE-DADBF48E7A92}.Debug|Any CPU.ActiveCfg = Debug|Any CPU
		{B433478F-E69F-44AA-8AFE-DADBF48E7A92}.Debug|Any CPU.Build.0 = Debug|Any CPU
		{B433478F-E69F-44AA-8AFE-DADBF48E7A92}.Release|Any CPU.ActiveCfg = Release|Any CPU
		{B433478F-E69F-44AA-8AFE-DADBF48E7A92}.Release|Any CPU.Build.0 = Release|Any CPU
		{F18E2209-C4C1-4D0A-807D-11F239132DCF}.Debug|Any CPU.ActiveCfg = Debug|Any CPU
		{F18E2209-C4C1-4D0A-807D-11F239132DCF}.Debug|Any CPU.Build.0 = Debug|Any CPU
		{F18E2209-C4C1-4D0A-807D-11F239132DCF}.Release|Any CPU.ActiveCfg = Release|Any CPU
		{F18E2209-C4C1-4D0A-807D-11F239132DCF}.Release|Any CPU.Build.0 = Release|Any CPU
		{EC774A77-A68C-455F-884D-85EA64A2E6A6}.Debug|Any CPU.ActiveCfg = Debug|Any CPU
		{EC774A77-A68C-455F-884D-85EA64A2E6A6}.Debug|Any CPU.Build.0 = Debug|Any CPU
		{EC774A77-A68C-455F-884D-85EA64A2E6A6}.Release|Any CPU.ActiveCfg = Release|Any CPU
		{EC774A77-A68C-455F-884D-85EA64A2E6A6}.Release|Any CPU.Build.0 = Release|Any CPU
	EndGlobalSection
	GlobalSection(SolutionProperties) = preSolution
		HideSolutionNode = FALSE
	EndGlobalSection
	GlobalSection(ExtensibilityGlobals) = postSolution
		SolutionGuid = {7471339D-F414-4B91-A6AA-55A58F04F9A6}
	EndGlobalSection
EndGlobal
